
Microsoft Visual Studio Solution File, Format Version 11.00
# Visual Studio 2010
Project("{FAE04EC0-301F-11D3-BF4B-00C04F79EFBC}") = "ClrSandbox", "ClrSandbox\ClrSandbox.csproj", "{3A6C3A57-597C-4C09-A044-79E436FDB3C7}"
EndProject
Project("{2150E333-8FDC-42A3-9474-1A3956D46DE8}") = "Solution Items", "Solution Items", "{7B74DBFF-62D1-4BAB-8809-6512A1808B0D}"
	ProjectSection(SolutionItems) = preProject
		ClrSandbox.vsmdi = ClrSandbox.vsmdi
		Local.testsettings = Local.testsettings
		TraceAndTestImpact.testsettings = TraceAndTestImpact.testsettings
	EndProjectSection
EndProject
Global
	GlobalSection(TestCaseManagementSettings) = postSolution
		CategoryFile = ClrSandbox.vsmdi
	EndGlobalSection
	GlobalSection(SolutionConfigurationPlatforms) = preSolution
		Debug|Any CPU = Debug|Any CPU
		Release|Any CPU = Release|Any CPU
	EndGlobalSection
	GlobalSection(ProjectConfigurationPlatforms) = postSolution
		{3A6C3A57-597C-4C09-A044-79E436FDB3C7}.Debug|Any CPU.ActiveCfg = Debug|Any CPU
		{3A6C3A57-597C-4C09-A044-79E436FDB3C7}.Debug|Any CPU.Build.0 = Debug|Any CPU
		{3A6C3A57-597C-4C09-A044-79E436FDB3C7}.Release|Any CPU.ActiveCfg = Release|Any CPU
		{3A6C3A57-597C-4C09-A044-79E436FDB3C7}.Release|Any CPU.Build.0 = Release|Any CPU
	EndGlobalSection
	GlobalSection(SolutionProperties) = preSolution
		HideSolutionNode = FALSE
	EndGlobalSection
EndGlobal
